
Microsoft Visual Studio Solution File, Format Version 12.00
# Visual Studio Version 16
VisualStudioVersion = 16.0.31005.135
MinimumVisualStudioVersion = 10.0.40219.1
Project("{FAE04EC0-301F-11D3-BF4B-00C04F79EFBC}") = "File_Summary", "File_Summary\File_Summary.csproj", "{3DC89E0E-EB9A-45F1-948E-C8AD35400EF2}"
EndProject
Global
	GlobalSection(SolutionConfigurationPlatforms) = preSolution
		Debug|Any CPU = Debug|Any CPU
		Release|Any CPU = Release|Any CPU
	EndGlobalSection
	GlobalSection(ProjectConfigurationPlatforms) = postSolution
		{3DC89E0E-EB9A-45F1-948E-C8AD35400EF2}.Debug|Any CPU.ActiveCfg = Debug|Any CPU
		{3DC89E0E-EB9A-45F1-948E-C8AD35400EF2}.Debug|Any CPU.Build.0 = Debug|Any CPU
		{3DC89E0E-EB9A-45F1-948E-C8AD35400EF2}.Release|Any CPU.ActiveCfg = Release|Any CPU
		{3DC89E0E-EB9A-45F1-948E-C8AD35400EF2}.Release|Any CPU.Build.0 = Release|Any CPU
	EndGlobalSection
	GlobalSection(SolutionProperties) = preSolution
		HideSolutionNode = FALSE
	EndGlobalSection
	GlobalSection(ExtensibilityGlobals) = postSolution
		SolutionGuid = {CBAB2F1B-7AF8-4348-8D78-B7B4FB63E2CC}
	EndGlobalSection
EndGlobal
